// !$*UTF8*$!
{
	archiveVersion = 1;
	classes = {
	};
	objectVersion = 46;
	objects = {

/* Begin PBXBuildFile section */
		77C5409D1E4C6D4300E2AE4E /* get.wav in Resources */ = {isa = PBXBuildFile; fileRef = 77C5409C1E4C6D4300E2AE4E /* get.wav */; };
		77C6C70B1E4AD61800BC97FF /* AppDelegate.swift in Sources */ = {isa = PBXBuildFile; fileRef = 77C6C70A1E4AD61800BC97FF /* AppDelegate.swift */; };
		77C6C70D1E4AD61800BC97FF /* ViewController.swift in Sources */ = {isa = PBXBuildFile; fileRef = 77C6C70C1E4AD61800BC97FF /* ViewController.swift */; };
		77C6C7101E4AD61800BC97FF /* Main.storyboard in Resources */ = {isa = PBXBuildFile; fileRef = 77C6C70E1E4AD61800BC97FF /* Main.storyboard */; };
		77C6C7121E4AD61800BC97FF /* Assets.xcassets in Resources */ = {isa = PBXBuildFile; fileRef = 77C6C7111E4AD61800BC97FF /* Assets.xcassets */; };
		77C6C7151E4AD61800BC97FF /* LaunchScreen.storyboard in Resources */ = {isa = PBXBuildFile; fileRef = 77C6C7131E4AD61800BC97FF /* LaunchScreen.storyboard */; };
		77C6C71E1E4AD68700BC97FF /* SpriteKit.framework in Frameworks */ = {isa = PBXBuildFile; fileRef = 77C6C71D1E4AD68700BC97FF /* SpriteKit.framework */; };
		77C6C7201E4ADA9A00BC97FF /* GameScene.swift in Sources */ = {isa = PBXBuildFile; fileRef = 77C6C71F1E4ADA9A00BC97FF /* GameScene.swift */; };
/* End PBXBuildFile section */

/* Begin PBXFileReference section */
		77C5409C1E4C6D4300E2AE4E /* get.wav */ = {isa = PBXFileReference; lastKnownFileType = audio.wav; name = get.wav; path = ../get.wav; sourceTree = "<group>"; };
		77C6C7071E4AD61800BC97FF /* FlappyBird.app */ = {isa = PBXFileReference; explicitFileType = wrapper.application; includeInIndex = 0; path = FlappyBird.app; sourceTree = BUILT_PRODUCTS_DIR; };
		77C6C70A1E4AD61800BC97FF /* AppDelegate.swift */ = {isa = PBXFileReference; lastKnownFileType = sourcecode.swift; path = AppDelegate.swift; sourceTree = "<group>"; };
		77C6C70C1E4AD61800BC97FF /* ViewController.swift */ = {isa = PBXFileReference; lastKnownFileType = sourcecode.swift; path = ViewController.swift; sourceTree = "<group>"; };
		77C6C70F1E4AD61800BC97FF /* Base */ = {isa = PBXFileReference; lastKnownFileType = file.storyboard; name = Base; path = Base.lproj/Main.storyboard; sourceTree = "<group>"; };
		77C6C7111E4AD61800BC97FF /* Assets.xcassets */ = {isa = PBXFileReference; lastKnownFileType = folder.assetcatalog; path = Assets.xcassets; sourceTree = "<group>"; };
		77C6C7141E4AD61800BC97FF /* Base */ = {isa = PBXFileReference; lastKnownFileType = file.storyboard; name = Base; path = Base.lproj/LaunchScreen.storyboard; sourceTree = "<group>"; };
		77C6C7161E4AD61800BC97FF /* Info.plist */ = {isa = PBXFileReference; lastKnownFileType = text.plist.xml; path = Info.plist; sourceTree = "<group>"; };
		77C6C71D1E4AD68700BC97FF /* SpriteKit.framework */ = {isa = PBXFileReference; lastKnownFileType = wrapper.framework; name = SpriteKit.framework; path = System/Library/Frameworks/SpriteKit.framework; sourceTree = SDKROOT; };
		77C6C71F1E4ADA9A00BC97FF /* GameScene.swift */ = {isa = PBXFileReference; fileEncoding = 4; lastKnownFileType = sourcecode.swift; path = GameScene.swift; sourceTree = "<group>"; wrapsLines = 0; };
/* End PBXFileReference section */

/* Begin PBXFrameworksBuildPhase section */
		77C6C7041E4AD61800BC97FF /* Frameworks */ = {
			isa = PBXFrameworksBuildPhase;
			buildActionMask = 2147483647;
			files = (
				77C6C71E1E4AD68700BC97FF /* SpriteKit.framework in Frameworks */,
			);
			runOnlyForDeploymentPostprocessing = 0;
		};
/* End PBXFrameworksBuildPhase section */

/* Begin PBXGroup section */
		77C6C6FE1E4AD61800BC97FF = {
			isa = PBXGroup;
			children = (
				77C6C7091E4AD61800BC97FF /* FlappyBird */,
				77C6C7081E4AD61800BC97FF /* Products */,
				77C6C71C1E4AD68700BC97FF /* Frameworks */,
			);
			sourceTree = "<group>";
		};
		77C6C7081E4AD61800BC97FF /* Products */ = {
			isa = PBXGroup;
			children = (
				77C6C7071E4AD61800BC97FF /* FlappyBird.app */,
			);
			name = Products;
			sourceTree = "<group>";
		};
		77C6C7091E4AD61800BC97FF /* FlappyBird */ = {
			isa = PBXGroup;
			children = (
				77C6C70A1E4AD61800BC97FF /* AppDelegate.swift */,
				77C6C70C1E4AD61800BC97FF /* ViewController.swift */,
				77C6C70E1E4AD61800BC97FF /* Main.storyboard */,
				77C6C7111E4AD61800BC97FF /* Assets.xcassets */,
				77C6C71F1E4ADA9A00BC97FF /* GameScene.swift */,
				77C6C7131E4AD61800BC97FF /* LaunchScreen.storyboard */,
				77C5409C1E4C6D4300E2AE4E /* get.wav */,
				77C6C7161E4AD61800BC97FF /* Info.plist */,
			);
			path = FlappyBird;
			sourceTree = "<group>";
		};
		77C6C71C1E4AD68700BC97FF /* Frameworks */ = {
			isa = PBXGroup;
			children = (
				77C6C71D1E4AD68700BC97FF /* SpriteKit.framework */,
			);
			name = Frameworks;
			sourceTree = "<group>";
		};
/* End PBXGroup section */

/* Begin PBXNativeTarget section */
		77C6C7061E4AD61800BC97FF /* FlappyBird */ = {
			isa = PBXNativeTarget;
			buildConfigurationList = 77C6C7191E4AD61800BC97FF /* Build configuration list for PBXNativeTarget "FlappyBird" */;
			buildPhases = (
				77C6C7031E4AD61800BC97FF /* Sources */,
				77C6C7041E4AD61800BC97FF /* Frameworks */,
				77C6C7051E4AD61800BC97FF /* Resources */,
			);
			buildRules = (
			);
			dependencies = (
			);
			name = FlappyBird;
			productName = FlappyBird;
			productReference = 77C6C7071E4AD61800BC97FF /* FlappyBird.app */;
			productType = "com.apple.product-type.application";
		};
/* End PBXNativeTarget section */

/* Begin PBXProject section */
		77C6C6FF1E4AD61800BC97FF /* Project object */ = {
			isa = PBXProject;
			attributes = {
				LastSwiftUpdateCheck = 0820;
				LastUpgradeCheck = 0820;
				ORGANIZATIONNAME = DT.Products;
				TargetAttributes = {
					77C6C7061E4AD61800BC97FF = {
						CreatedOnToolsVersion = 8.2.1;
						DevelopmentTeam = E4FSLFB5AT;
						ProvisioningStyle = Automatic;
					};
				};
			};
			buildConfigurationList = 77C6C7021E4AD61800BC97FF /* Build configuration list for PBXProject "FlappyBird" */;
			compatibilityVersion = "Xcode 3.2";
			developmentRegion = English;
			hasScannedForEncodings = 0;
			knownRegions = (
				en,
				Base,
			);
			mainGroup = 77C6C6FE1E4AD61800BC97FF;
			productRefGroup = 77C6C7081E4AD61800BC97FF /* Products */;
			projectDirPath = "";
			projectRoot = "";
			targets = (
				77C6C7061E4AD61800BC97FF /* FlappyBird */,
			);
		};
/* End PBXProject section */

/* Begin PBXResourcesBuildPhase section */
		77C6C7051E4AD61800BC97FF /* Resources */ = {
			isa = PBXResourcesBuildPhase;
			buildActionMask = 2147483647;
			files = (
				77C6C7151E4AD61800BC97FF /* LaunchScreen.storyboard in Resources */,
				77C6C7121E4AD61800BC97FF /* Assets.xcassets in Resources */,
				77C5409D1E4C6D4300E2AE4E /* get.wav in Resources */,
				77C6C7101E4AD61800BC97FF /* Main.storyboard in Resources */,
			);
			runOnlyForDeploymentPostprocessing = 0;
		};
/* End PBXResourcesBuildPhase section */

/* Begin PBXSourcesBuildPhase section */
		77C6C7031E4AD61800BC97FF /* Sources */ = {
			isa = PBXSourcesBuildPhase;
			buildActionMask = 2147483647;
			files = (
				77C6C7201E4ADA9A00BC97FF /* GameScene.swift in Sources */,
				77C6C70D1E4AD61800BC97FF /* ViewController.swift in Sources */,
				77C6C70B1E4AD61800BC97FF /* AppDelegate.swift in Sources */,
			);
			runOnlyForDeploymentPostprocessing = 0;
		};
/* End PBXSourcesBuildPhase section */

/* Begin PBXVariantGroup section */
		77C6C70E1E4AD61800BC97FF /* Main.storyboard */ = {
			isa = PBXVariantGroup;
			children = (
				77C6C70F1E4AD61800BC97FF /* Base */,
			);
			name = Main.storyboard;
			sourceTree = "<group>";
		};
		77C6C7131E4AD61800BC97FF /* LaunchScreen.storyboard */ = {
			isa = PBXVariantGroup;
			children = (
				77C6C7141E4AD61800BC97FF /* Base */,
			);
			name = LaunchScreen.storyboard;
			sourceTree = "<group>";
		};
/* End PBXVariantGroup section */

/* Begin XCBuildConfiguration section */
		77C6C7171E4AD61800BC97FF /* Debug */ = {
			isa = XCBuildConfiguration;
			buildSettings = {
				ALWAYS_SEARCH_USER_PATHS = NO;
				CLANG_ANALYZER_NONNULL = YES;
				CLANG_CXX_LANGUAGE_STANDARD = "gnu++0x";
				CLANG_CXX_LIBRARY = "libc++";
				CLANG_ENABLE_MODULES = YES;
				CLANG_ENABLE_OBJC_ARC = YES;
				CLANG_WARN_BOOL_CONVERSION = YES;
				CLANG_WARN_CONSTANT_CONVERSION = YES;
				CLANG_WARN_DIRECT_OBJC_ISA_USAGE = YES_ERROR;
				CLANG_WARN_DOCUMENTATION_COMMENTS = YES;
				CLANG_WARN_EMPTY_BODY = YES;
				CLANG_WARN_ENUM_CONVERSION = YES;
				CLANG_WARN_INFINITE_RECURSION = YES;
				CLANG_WARN_INT_CONVERSION = YES;
				CLANG_WARN_OBJC_ROOT_CLASS = YES_ERROR;
				CLANG_WARN_SUSPICIOUS_MOVE = YES;
				CLANG_WARN_UNREACHABLE_CODE = YES;
				CLANG_WARN__DUPLICATE_METHOD_MATCH = YES;
				"CODE_SIGN_IDENTITY[sdk=iphoneos*]" = "iPhone Developer";
				COPY_PHASE_STRIP = NO;
				DEBUG_INFORMATION_FORMAT = dwarf;
				ENABLE_STRICT_OBJC_MSGSEND = YES;
				ENABLE_TESTABILITY = YES;
				GCC_C_LANGUAGE_STANDARD = gnu99;
				GCC_DYNAMIC_NO_PIC = NO;
				GCC_NO_COMMON_BLOCKS = YES;
				GCC_OPTIMIZATION_LEVEL = 0;
				GCC_PREPROCESSOR_DEFINITIONS = (
					"DEBUG=1",
					"$(inherited)",
				);
				GCC_WARN_64_TO_32_BIT_CONVERSION = YES;
				GCC_WARN_ABOUT_RETURN_TYPE = YES_ERROR;
				GCC_WARN_UNDECLARED_SELECTOR = YES;
				GCC_WARN_UNINITIALIZED_AUTOS = YES_AGGRESSIVE;
				GCC_WARN_UNUSED_FUNCTION = YES;
				GCC_WARN_UNUSED_VARIABLE = YES;
				IPHONEOS_DEPLOYMENT_TARGET = 10.2;
				MTL_ENABLE_DEBUG_INFO = YES;
				ONLY_ACTIVE_ARCH = YES;
				SDKROOT = iphoneos;
				SWIFT_ACTIVE_COMPILATION_CONDITIONS = DEBUG;
				SWIFT_OPTIMIZATION_LEVEL = "-Onone";
			};
			name = Debug;
		};
		77C6C7181E4AD61800BC97FF /* Release */ = {
			isa = XCBuildConfiguration;
			buildSettings = {
				ALWAYS_SEARCH_USER_PATHS = NO;
				CLANG_ANALYZER_NONNULL = YES;
				CLANG_CXX_LANGUAGE_STANDARD = "gnu++0x";
				CLANG_CXX_LIBRARY = "libc++";
				CLANG_ENABLE_MODULES = YES;
				CLANG_ENABLE_OBJC_ARC = YES;
				CLANG_WARN_BOOL_CONVERSION = YES;
				CLANG_WARN_CONSTANT_CONVERSION = YES;
				CLANG_WARN_DIRECT_OBJC_ISA_USAGE = YES_ERROR;
				CLANG_WARN_DOCUMENTATION_COMMENTS = YES;
				CLANG_WARN_EMPTY_BODY = YES;
				CLANG_WARN_ENUM_CONVERSION = YES;
				CLANG_WARN_INFINITE_RECURSION = YES;
				CLANG_WARN_INT_CONVERSION = YES;
				CLANG_WARN_OBJC_ROOT_CLASS = YES_ERROR;
				CLANG_WARN_SUSPICIOUS_MOVE = YES;
				CLANG_WARN_UNREACHABLE_CODE = YES;
				CLANG_WARN__DUPLICATE_METHOD_MATCH = YES;
				"CODE_SIGN_IDENTITY[sdk=iphoneos*]" = "iPhone Developer";
				COPY_PHASE_STRIP = NO;
				DEBUG_INFORMATION_FORMAT = "dwarf-with-dsym";
				ENABLE_NS_ASSERTIONS = NO;
				ENABLE_STRICT_OBJC_MSGSEND = YES;
				GCC_C_LANGUAGE_STANDARD = gnu99;
				GCC_NO_COMMON_BLOCKS = YES;
				GCC_WARN_64_TO_32_BIT_CONVERSION = YES;
				GCC_WARN_ABOUT_RETURN_TYPE = YES_ERROR;
				GCC_WARN_UNDECLARED_SELECTOR = YES;
				GCC_WARN_UNINITIALIZED_AUTOS = YES_AGGRESSIVE;
				GCC_WARN_UNUSED_FUNCTION = YES;
				GCC_WARN_UNUSED_VARIABLE = YES;
				IPHONEOS_DEPLOYMENT_TARGET = 10.2;
				MTL_ENABLE_DEBUG_INFO = NO;
				SDKROOT = iphoneos;
				SWIFT_OPTIMIZATION_LEVEL = "-Owholemodule";
				VALIDATE_PRODUCT = YES;
			};
			name = Release;
		};
		77C6C71A1E4AD61800BC97FF /* Debug */ = {
			isa = XCBuildConfiguration;
			buildSettings = {
				ASSETCATALOG_COMPILER_APPICON_NAME = AppIcon;
				DEVELOPMENT_TEAM = E4FSLFB5AT;
				INFOPLIST_FILE = FlappyBird/Info.plist;
				LD_RUNPATH_SEARCH_PATHS = "$(inherited) @executable_path/Frameworks";
				PRODUCT_BUNDLE_IDENTIFIER = jp.techacademy.DT.Products.FlappyBird;
				PRODUCT_NAME = "$(TARGET_NAME)";
				SWIFT_VERSION = 3.0;
			};
			name = Debug;
		};
		77C6C71B1E4AD61800BC97FF /* Release */ = {
			isa = XCBuildConfiguration;
			buildSettings = {
				ASSETCATALOG_COMPILER_APPICON_NAME = AppIcon;
				DEVELOPMENT_TEAM = E4FSLFB5AT;
				INFOPLIST_FILE = FlappyBird/Info.plist;
				LD_RUNPATH_SEARCH_PATHS = "$(inherited) @executable_path/Frameworks";
				PRODUCT_BUNDLE_IDENTIFIER = jp.techacademy.DT.Products.FlappyBird;
				PRODUCT_NAME = "$(TARGET_NAME)";
				SWIFT_VERSION = 3.0;
			};
			name = Release;
		};
/* End XCBuildConfiguration section */

/* Begin XCConfigurationList section */
		77C6C7021E4AD61800BC97FF /* Build configuration list for PBXProject "FlappyBird" */ = {
			isa = XCConfigurationList;
			buildConfigurations = (
				77C6C7171E4AD61800BC97FF /* Debug */,
				77C6C7181E4AD61800BC97FF /* Release */,
			);
			defaultConfigurationIsVisible = 0;
			defaultConfigurationName = Release;
		};
		77C6C7191E4AD61800BC97FF /* Build configuration list for PBXNativeTarget "FlappyBird" */ = {
			isa = XCConfigurationList;
			buildConfigurations = (
				77C6C71A1E4AD61800BC97FF /* Debug */,
				77C6C71B1E4AD61800BC97FF /* Release */,
			);
			defaultConfigurationIsVisible = 0;
			defaultConfigurationName = Release;
		};
/* End XCConfigurationList section */
	};
	rootObject = 77C6C6FF1E4AD61800BC97FF /* Project object */;
}
